
Microsoft Visual Studio Solution File, Format Version 12.00
# Visual Studio Version 16
VisualStudioVersion = 16.0.29806.167
MinimumVisualStudioVersion = 10.0.40219.1
Project("{FAE04EC0-301F-11D3-BF4B-00C04F79EFBC}") = "SnagajobAPIAssignment", "SnagajobAPIAssignment\SnagajobAPIAssignment.csproj", "{FA25139F-C395-4994-AB9A-1A82FB2D48FE}"
EndProject
Global
	GlobalSection(SolutionConfigurationPlatforms) = preSolution
		Debug|Any CPU = Debug|Any CPU
		Release|Any CPU = Release|Any CPU
	EndGlobalSection
	GlobalSection(ProjectConfigurationPlatforms) = postSolution
		{FA25139F-C395-4994-AB9A-1A82FB2D48FE}.Debug|Any CPU.ActiveCfg = Debug|Any CPU
		{FA25139F-C395-4994-AB9A-1A82FB2D48FE}.Debug|Any CPU.Build.0 = Debug|Any CPU
		{FA25139F-C395-4994-AB9A-1A82FB2D48FE}.Release|Any CPU.ActiveCfg = Release|Any CPU
		{FA25139F-C395-4994-AB9A-1A82FB2D48FE}.Release|Any CPU.Build.0 = Release|Any CPU
	EndGlobalSection
	GlobalSection(SolutionProperties) = preSolution
		HideSolutionNode = FALSE
	EndGlobalSection
	GlobalSection(ExtensibilityGlobals) = postSolution
		SolutionGuid = {6BC0A3F3-F603-4D9C-8D34-7DFE7DE10E34}
	EndGlobalSection
EndGlobal
